
Microsoft Visual Studio Solution File, Format Version 12.00
# Visual Studio Version 17
VisualStudioVersion = 17.9.34728.123
MinimumVisualStudioVersion = 10.0.40219.1
Project("{9A19103F-16F7-4668-BE54-9A1E7A4F7556}") = "YanehCheck.EpicGamesUtils.Utils.EgApiWrapper", "YanehCheck.EpicGamesUtils.Utils.EgApiWrapper\YanehCheck.EpicGamesUtils.Utils.EgApiWrapper.csproj", "{79B4395D-7261-4648-9ED1-AC0EB4980CA6}"
EndProject
Project("{9A19103F-16F7-4668-BE54-9A1E7A4F7556}") = "YanehCheck.EpicGamesUtils.Utils.FortniteGgScraper", "YanehCheck.EpicGamesUtils.Utils.FortniteGgScraper\YanehCheck.EpicGamesUtils.Utils.FortniteGgScraper.csproj", "{D55AA83E-703F-40B4-A206-DD0497571980}"
EndProject
Project("{9A19103F-16F7-4668-BE54-9A1E7A4F7556}") = "YanehCheck.EpicGamesUtils.WpfUiApp", "YanehCheck.EpicGamesUtils.WpfUiApp\YanehCheck.EpicGamesUtils.WpfUiApp.csproj", "{D91BE28F-F97D-47A9-9734-679D7C9C4F6C}"
EndProject
Project("{9A19103F-16F7-4668-BE54-9A1E7A4F7556}") = "YanehCheck.EpicGamesUtils.Db.Dal", "YanehCheck.EpicGamesUtils.Db.Dal\YanehCheck.EpicGamesUtils.Db.Dal.csproj", "{FB66DC77-DABD-49D7-801D-A59797820E3E}"
EndProject
Project("{9A19103F-16F7-4668-BE54-9A1E7A4F7556}") = "YanehCheck.EpicGamesUtils.Common", "YanehCheck.EpicGamesUtils.Common\YanehCheck.EpicGamesUtils.Common.csproj", "{C7DC3354-D119-4AE0-94BF-825CD6B4445B}"
EndProject
Project("{9A19103F-16F7-4668-BE54-9A1E7A4F7556}") = "YanehCheck.EpicGamesUtils.Db.Bl", "YanehCheck.EpicGamesUtils.Db.Bl\YanehCheck.EpicGamesUtils.Db.Bl.csproj", "{01E31841-1224-48E8-8834-032B246C89F1}"
EndProject
Project("{2150E333-8FDC-42A3-9474-1A3956D46DE8}") = "YanehCheck.EpicGamesUtils.Db", "YanehCheck.EpicGamesUtils.Db", "{9BEF777E-7789-42AE-B037-DC94CBA0D65B}"
EndProject
Project("{2150E333-8FDC-42A3-9474-1A3956D46DE8}") = "YanehCheck.EpicGamesUtils.Utils", "YanehCheck.EpicGamesUtils.Utils", "{B0F09CEE-DD40-4E1C-AFD9-BB55BA1B332E}"
EndProject
Global
	GlobalSection(SolutionConfigurationPlatforms) = preSolution
		Debug|Any CPU = Debug|Any CPU
		Release|Any CPU = Release|Any CPU
	EndGlobalSection
	GlobalSection(ProjectConfigurationPlatforms) = postSolution
		{79B4395D-7261-4648-9ED1-AC0EB4980CA6}.Debug|Any CPU.ActiveCfg = Debug|Any CPU
		{79B4395D-7261-4648-9ED1-AC0EB4980CA6}.Debug|Any CPU.Build.0 = Debug|Any CPU
		{79B4395D-7261-4648-9ED1-AC0EB4980CA6}.Release|Any CPU.ActiveCfg = Release|Any CPU
		{79B4395D-7261-4648-9ED1-AC0EB4980CA6}.Release|Any CPU.Build.0 = Release|Any CPU
		{D55AA83E-703F-40B4-A206-DD0497571980}.Debug|Any CPU.ActiveCfg = Debug|Any CPU
		{D55AA83E-703F-40B4-A206-DD0497571980}.Debug|Any CPU.Build.0 = Debug|Any CPU
		{D55AA83E-703F-40B4-A206-DD0497571980}.Release|Any CPU.ActiveCfg = Release|Any CPU
		{D55AA83E-703F-40B4-A206-DD0497571980}.Release|Any CPU.Build.0 = Release|Any CPU
		{D91BE28F-F97D-47A9-9734-679D7C9C4F6C}.Debug|Any CPU.ActiveCfg = Debug|Any CPU
		{D91BE28F-F97D-47A9-9734-679D7C9C4F6C}.Debug|Any CPU.Build.0 = Debug|Any CPU
		{D91BE28F-F97D-47A9-9734-679D7C9C4F6C}.Release|Any CPU.ActiveCfg = Release|Any CPU
		{D91BE28F-F97D-47A9-9734-679D7C9C4F6C}.Release|Any CPU.Build.0 = Release|Any CPU
		{FB66DC77-DABD-49D7-801D-A59797820E3E}.Debug|Any CPU.ActiveCfg = Debug|Any CPU
		{FB66DC77-DABD-49D7-801D-A59797820E3E}.Debug|Any CPU.Build.0 = Debug|Any CPU
		{FB66DC77-DABD-49D7-801D-A59797820E3E}.Release|Any CPU.ActiveCfg = Release|Any CPU
		{FB66DC77-DABD-49D7-801D-A59797820E3E}.Release|Any CPU.Build.0 = Release|Any CPU
		{C7DC3354-D119-4AE0-94BF-825CD6B4445B}.Debug|Any CPU.ActiveCfg = Debug|Any CPU
		{C7DC3354-D119-4AE0-94BF-825CD6B4445B}.Debug|Any CPU.Build.0 = Debug|Any CPU
		{C7DC3354-D119-4AE0-94BF-825CD6B4445B}.Release|Any CPU.ActiveCfg = Release|Any CPU
		{C7DC3354-D119-4AE0-94BF-825CD6B4445B}.Release|Any CPU.Build.0 = Release|Any CPU
		{01E31841-1224-48E8-8834-032B246C89F1}.Debug|Any CPU.ActiveCfg = Debug|Any CPU
		{01E31841-1224-48E8-8834-032B246C89F1}.Debug|Any CPU.Build.0 = Debug|Any CPU
		{01E31841-1224-48E8-8834-032B246C89F1}.Release|Any CPU.ActiveCfg = Release|Any CPU
		{01E31841-1224-48E8-8834-032B246C89F1}.Release|Any CPU.Build.0 = Release|Any CPU
	EndGlobalSection
	GlobalSection(SolutionProperties) = preSolution
		HideSolutionNode = FALSE
	EndGlobalSection
	GlobalSection(NestedProjects) = preSolution
		{79B4395D-7261-4648-9ED1-AC0EB4980CA6} = {B0F09CEE-DD40-4E1C-AFD9-BB55BA1B332E}
		{D55AA83E-703F-40B4-A206-DD0497571980} = {B0F09CEE-DD40-4E1C-AFD9-BB55BA1B332E}
		{FB66DC77-DABD-49D7-801D-A59797820E3E} = {9BEF777E-7789-42AE-B037-DC94CBA0D65B}
		{01E31841-1224-48E8-8834-032B246C89F1} = {9BEF777E-7789-42AE-B037-DC94CBA0D65B}
	EndGlobalSection
	GlobalSection(ExtensibilityGlobals) = postSolution
		SolutionGuid = {38FCFCE7-8128-4B2D-A317-E77EF0FBAEED}
	EndGlobalSection
EndGlobal
